// !$*UTF8*$!
{
	archiveVersion = 1;
	classes = {
	};
	objectVersion = 46;
	objects = {

/* Begin PBXBuildFile section */
		1D8637E41A08F6AB007538F2 /* main.m in Sources */ = {isa = PBXBuildFile; fileRef = 1D8637E31A08F6AB007538F2 /* main.m */; };
		1D8637E71A08F6AB007538F2 /* AppDelegate.m in Sources */ = {isa = PBXBuildFile; fileRef = 1D8637E61A08F6AB007538F2 /* AppDelegate.m */; };
		1D8637EA1A08F6AB007538F2 /* tableView.xcdatamodeld in Sources */ = {isa = PBXBuildFile; fileRef = 1D8637E81A08F6AB007538F2 /* tableView.xcdatamodeld */; };
		1D8637ED1A08F6AB007538F2 /* ViewController.m in Sources */ = {isa = PBXBuildFile; fileRef = 1D8637EC1A08F6AB007538F2 /* ViewController.m */; };
		1D8637F01A08F6AB007538F2 /* Main.storyboard in Resources */ = {isa = PBXBuildFile; fileRef = 1D8637EE1A08F6AB007538F2 /* Main.storyboard */; };
		1D8637F21A08F6AB007538F2 /* Images.xcassets in Resources */ = {isa = PBXBuildFile; fileRef = 1D8637F11A08F6AB007538F2 /* Images.xcassets */; };
		1D8637F51A08F6AB007538F2 /* LaunchScreen.xib in Resources */ = {isa = PBXBuildFile; fileRef = 1D8637F31A08F6AB007538F2 /* LaunchScreen.xib */; };
		1D8638011A08F6AC007538F2 /* tableViewTests.m in Sources */ = {isa = PBXBuildFile; fileRef = 1D8638001A08F6AC007538F2 /* tableViewTests.m */; };
		1D86380C1A08F796007538F2 /* RootTableViewController.m in Sources */ = {isa = PBXBuildFile; fileRef = 1D86380B1A08F796007538F2 /* RootTableViewController.m */; };
/* End PBXBuildFile section */

/* Begin PBXContainerItemProxy section */
		1D8637FB1A08F6AC007538F2 /* PBXContainerItemProxy */ = {
			isa = PBXContainerItemProxy;
			containerPortal = 1D8637D61A08F6AB007538F2 /* Project object */;
			proxyType = 1;
			remoteGlobalIDString = 1D8637DD1A08F6AB007538F2;
			remoteInfo = tableView;
		};
/* End PBXContainerItemProxy section */

/* Begin PBXFileReference section */
		1D8637DE1A08F6AB007538F2 /* tableView.app */ = {isa = PBXFileReference; explicitFileType = wrapper.application; includeInIndex = 0; path = tableView.app; sourceTree = BUILT_PRODUCTS_DIR; };
		1D8637E21A08F6AB007538F2 /* Info.plist */ = {isa = PBXFileReference; lastKnownFileType = text.plist.xml; path = Info.plist; sourceTree = "<group>"; };
		1D8637E31A08F6AB007538F2 /* main.m */ = {isa = PBXFileReference; lastKnownFileType = sourcecode.c.objc; path = main.m; sourceTree = "<group>"; };
		1D8637E51A08F6AB007538F2 /* AppDelegate.h */ = {isa = PBXFileReference; lastKnownFileType = sourcecode.c.h; path = AppDelegate.h; sourceTree = "<group>"; };
		1D8637E61A08F6AB007538F2 /* AppDelegate.m */ = {isa = PBXFileReference; lastKnownFileType = sourcecode.c.objc; path = AppDelegate.m; sourceTree = "<group>"; };
		1D8637E91A08F6AB007538F2 /* tableView.xcdatamodel */ = {isa = PBXFileReference; lastKnownFileType = wrapper.xcdatamodel; path = tableView.xcdatamodel; sourceTree = "<group>"; };
		1D8637EB1A08F6AB007538F2 /* ViewController.h */ = {isa = PBXFileReference; lastKnownFileType = sourcecode.c.h; path = ViewController.h; sourceTree = "<group>"; };
		1D8637EC1A08F6AB007538F2 /* ViewController.m */ = {isa = PBXFileReference; lastKnownFileType = sourcecode.c.objc; path = ViewController.m; sourceTree = "<group>"; };
		1D8637EF1A08F6AB007538F2 /* Base */ = {isa = PBXFileReference; lastKnownFileType = file.storyboard; name = Base; path = Base.lproj/Main.storyboard; sourceTree = "<group>"; };
		1D8637F11A08F6AB007538F2 /* Images.xcassets */ = {isa = PBXFileReference; lastKnownFileType = folder.assetcatalog; path = Images.xcassets; sourceTree = "<group>"; };
		1D8637F41A08F6AB007538F2 /* Base */ = {isa = PBXFileReference; lastKnownFileType = file.xib; name = Base; path = Base.lproj/LaunchScreen.xib; sourceTree = "<group>"; };
		1D8637FA1A08F6AC007538F2 /* tableViewTests.xctest */ = {isa = PBXFileReference; explicitFileType = wrapper.cfbundle; includeInIndex = 0; path = tableViewTests.xctest; sourceTree = BUILT_PRODUCTS_DIR; };
		1D8637FF1A08F6AC007538F2 /* Info.plist */ = {isa = PBXFileReference; lastKnownFileType = text.plist.xml; path = Info.plist; sourceTree = "<group>"; };
		1D8638001A08F6AC007538F2 /* tableViewTests.m */ = {isa = PBXFileReference; lastKnownFileType = sourcecode.c.objc; path = tableViewTests.m; sourceTree = "<group>"; };
		1D86380A1A08F796007538F2 /* RootTableViewController.h */ = {isa = PBXFileReference; fileEncoding = 4; lastKnownFileType = sourcecode.c.h; path = RootTableViewController.h; sourceTree = "<group>"; };
		1D86380B1A08F796007538F2 /* RootTableViewController.m */ = {isa = PBXFileReference; fileEncoding = 4; lastKnownFileType = sourcecode.c.objc; path = RootTableViewController.m; sourceTree = "<group>"; };
/* End PBXFileReference section */

/* Begin PBXFrameworksBuildPhase section */
		1D8637DB1A08F6AB007538F2 /* Frameworks */ = {
			isa = PBXFrameworksBuildPhase;
			buildActionMask = 2147483647;
			files = (
			);
			runOnlyForDeploymentPostprocessing = 0;
		};
		1D8637F71A08F6AC007538F2 /* Frameworks */ = {
			isa = PBXFrameworksBuildPhase;
			buildActionMask = 2147483647;
			files = (
			);
			runOnlyForDeploymentPostprocessing = 0;
		};
/* End PBXFrameworksBuildPhase section */

/* Begin PBXGroup section */
		1D8637D51A08F6AB007538F2 = {
			isa = PBXGroup;
			children = (
				1D8637E01A08F6AB007538F2 /* tableView */,
				1D8637FD1A08F6AC007538F2 /* tableViewTests */,
				1D8637DF1A08F6AB007538F2 /* Products */,
			);
			sourceTree = "<group>";
		};
		1D8637DF1A08F6AB007538F2 /* Products */ = {
			isa = PBXGroup;
			children = (
				1D8637DE1A08F6AB007538F2 /* tableView.app */,
				1D8637FA1A08F6AC007538F2 /* tableViewTests.xctest */,
			);
			name = Products;
			sourceTree = "<group>";
		};
		1D8637E01A08F6AB007538F2 /* tableView */ = {
			isa = PBXGroup;
			children = (
				1D8637E51A08F6AB007538F2 /* AppDelegate.h */,
				1D8637E61A08F6AB007538F2 /* AppDelegate.m */,
				1D8637EB1A08F6AB007538F2 /* ViewController.h */,
				1D8637EC1A08F6AB007538F2 /* ViewController.m */,
				1D8637EE1A08F6AB007538F2 /* Main.storyboard */,
				1D86380A1A08F796007538F2 /* RootTableViewController.h */,
				1D86380B1A08F796007538F2 /* RootTableViewController.m */,
				1D8637F11A08F6AB007538F2 /* Images.xcassets */,
				1D8637F31A08F6AB007538F2 /* LaunchScreen.xib */,
				1D8637E81A08F6AB007538F2 /* tableView.xcdatamodeld */,
				1D8637E11A08F6AB007538F2 /* Supporting Files */,
			);
			path = tableView;
			sourceTree = "<group>";
		};
		1D8637E11A08F6AB007538F2 /* Supporting Files */ = {
			isa = PBXGroup;
			children = (
				1D8637E21A08F6AB007538F2 /* Info.plist */,
				1D8637E31A08F6AB007538F2 /* main.m */,
			);
			name = "Supporting Files";
			sourceTree = "<group>";
		};
		1D8637FD1A08F6AC007538F2 /* tableViewTests */ = {
			isa = PBXGroup;
			children = (
				1D8638001A08F6AC007538F2 /* tableViewTests.m */,
				1D8637FE1A08F6AC007538F2 /* Supporting Files */,
			);
			path = tableViewTests;
			sourceTree = "<group>";
		};
		1D8637FE1A08F6AC007538F2 /* Supporting Files */ = {
			isa = PBXGroup;
			children = (
				1D8637FF1A08F6AC007538F2 /* Info.plist */,
			);
			name = "Supporting Files";
			sourceTree = "<group>";
		};
/* End PBXGroup section */

/* Begin PBXNativeTarget section */
		1D8637DD1A08F6AB007538F2 /* tableView */ = {
			isa = PBXNativeTarget;
			buildConfigurationList = 1D8638041A08F6AC007538F2 /* Build configuration list for PBXNativeTarget "tableView" */;
			buildPhases = (
				1D8637DA1A08F6AB007538F2 /* Sources */,
				1D8637DB1A08F6AB007538F2 /* Frameworks */,
				1D8637DC1A08F6AB007538F2 /* Resources */,
			);
			buildRules = (
			);
			dependencies = (
			);
			name = tableView;
			productName = tableView;
			productReference = 1D8637DE1A08F6AB007538F2 /* tableView.app */;
			productType = "com.apple.product-type.application";
		};
		1D8637F91A08F6AC007538F2 /* tableViewTests */ = {
			isa = PBXNativeTarget;
			buildConfigurationList = 1D8638071A08F6AC007538F2 /* Build configuration list for PBXNativeTarget "tableViewTests" */;
			buildPhases = (
				1D8637F61A08F6AC007538F2 /* Sources */,
				1D8637F71A08F6AC007538F2 /* Frameworks */,
				1D8637F81A08F6AC007538F2 /* Resources */,
			);
			buildRules = (
			);
			dependencies = (
				1D8637FC1A08F6AC007538F2 /* PBXTargetDependency */,
			);
			name = tableViewTests;
			productName = tableViewTests;
			productReference = 1D8637FA1A08F6AC007538F2 /* tableViewTests.xctest */;
			productType = "com.apple.product-type.bundle.unit-test";
		};
/* End PBXNativeTarget section */

/* Begin PBXProject section */
		1D8637D61A08F6AB007538F2 /* Project object */ = {
			isa = PBXProject;
			attributes = {
				LastUpgradeCheck = 0610;
				ORGANIZATIONNAME = "蘇健豪";
				TargetAttributes = {
					1D8637DD1A08F6AB007538F2 = {
						CreatedOnToolsVersion = 6.1;
					};
					1D8637F91A08F6AC007538F2 = {
						CreatedOnToolsVersion = 6.1;
						TestTargetID = 1D8637DD1A08F6AB007538F2;
					};
				};
			};
			buildConfigurationList = 1D8637D91A08F6AB007538F2 /* Build configuration list for PBXProject "tableView" */;
			compatibilityVersion = "Xcode 3.2";
			developmentRegion = English;
			hasScannedForEncodings = 0;
			knownRegions = (
				en,
				Base,
			);
			mainGroup = 1D8637D51A08F6AB007538F2;
			productRefGroup = 1D8637DF1A08F6AB007538F2 /* Products */;
			projectDirPath = "";
			projectRoot = "";
			targets = (
				1D8637DD1A08F6AB007538F2 /* tableView */,
				1D8637F91A08F6AC007538F2 /* tableViewTests */,
			);
		};
/* End PBXProject section */

/* Begin PBXResourcesBuildPhase section */
		1D8637DC1A08F6AB007538F2 /* Resources */ = {
			isa = PBXResourcesBuildPhase;
			buildActionMask = 2147483647;
			files = (
				1D8637F01A08F6AB007538F2 /* Main.storyboard in Resources */,
				1D8637F51A08F6AB007538F2 /* LaunchScreen.xib in Resources */,
				1D8637F21A08F6AB007538F2 /* Images.xcassets in Resources */,
			);
			runOnlyForDeploymentPostprocessing = 0;
		};
		1D8637F81A08F6AC007538F2 /* Resources */ = {
			isa = PBXResourcesBuildPhase;
			buildActionMask = 2147483647;
			files = (
			);
			runOnlyForDeploymentPostprocessing = 0;
		};
/* End PBXResourcesBuildPhase section */

/* Begin PBXSourcesBuildPhase section */
		1D8637DA1A08F6AB007538F2 /* Sources */ = {
			isa = PBXSourcesBuildPhase;
			buildActionMask = 2147483647;
			files = (
				1D86380C1A08F796007538F2 /* RootTableViewController.m in Sources */,
				1D8637E71A08F6AB007538F2 /* AppDelegate.m in Sources */,
				1D8637E41A08F6AB007538F2 /* main.m in Sources */,
				1D8637ED1A08F6AB007538F2 /* ViewController.m in Sources */,
				1D8637EA1A08F6AB007538F2 /* tableView.xcdatamodeld in Sources */,
			);
			runOnlyForDeploymentPostprocessing = 0;
		};
		1D8637F61A08F6AC007538F2 /* Sources */ = {
			isa = PBXSourcesBuildPhase;
			buildActionMask = 2147483647;
			files = (
				1D8638011A08F6AC007538F2 /* tableViewTests.m in Sources */,
			);
			runOnlyForDeploymentPostprocessing = 0;
		};
/* End PBXSourcesBuildPhase section */

/* Begin PBXTargetDependency section */
		1D8637FC1A08F6AC007538F2 /* PBXTargetDependency */ = {
			isa = PBXTargetDependency;
			target = 1D8637DD1A08F6AB007538F2 /* tableView */;
			targetProxy = 1D8637FB1A08F6AC007538F2 /* PBXContainerItemProxy */;
		};
/* End PBXTargetDependency section */

/* Begin PBXVariantGroup section */
		1D8637EE1A08F6AB007538F2 /* Main.storyboard */ = {
			isa = PBXVariantGroup;
			children = (
				1D8637EF1A08F6AB007538F2 /* Base */,
			);
			name = Main.storyboard;
			sourceTree = "<group>";
		};
		1D8637F31A08F6AB007538F2 /* LaunchScreen.xib */ = {
			isa = PBXVariantGroup;
			children = (
				1D8637F41A08F6AB007538F2 /* Base */,
			);
			name = LaunchScreen.xib;
			sourceTree = "<group>";
		};
/* End PBXVariantGroup section */

/* Begin XCBuildConfiguration section */
		1D8638021A08F6AC007538F2 /* Debug */ = {
			isa = XCBuildConfiguration;
			buildSettings = {
				ALWAYS_SEARCH_USER_PATHS = NO;
				CLANG_CXX_LANGUAGE_STANDARD = "gnu++0x";
				CLANG_CXX_LIBRARY = "libc++";
				CLANG_ENABLE_MODULES = YES;
				CLANG_ENABLE_OBJC_ARC = YES;
				CLANG_WARN_BOOL_CONVERSION = YES;
				CLANG_WARN_CONSTANT_CONVERSION = YES;
				CLANG_WARN_DIRECT_OBJC_ISA_USAGE = YES_ERROR;
				CLANG_WARN_EMPTY_BODY = YES;
				CLANG_WARN_ENUM_CONVERSION = YES;
				CLANG_WARN_INT_CONVERSION = YES;
				CLANG_WARN_OBJC_ROOT_CLASS = YES_ERROR;
				CLANG_WARN_UNREACHABLE_CODE = YES;
				CLANG_WARN__DUPLICATE_METHOD_MATCH = YES;
				"CODE_SIGN_IDENTITY[sdk=iphoneos*]" = "iPhone Developer";
				COPY_PHASE_STRIP = NO;
				ENABLE_STRICT_OBJC_MSGSEND = YES;
				GCC_C_LANGUAGE_STANDARD = gnu99;
				GCC_DYNAMIC_NO_PIC = NO;
				GCC_OPTIMIZATION_LEVEL = 0;
				GCC_PREPROCESSOR_DEFINITIONS = (
					"DEBUG=1",
					"$(inherited)",
				);
				GCC_SYMBOLS_PRIVATE_EXTERN = NO;
				GCC_WARN_64_TO_32_BIT_CONVERSION = YES;
				GCC_WARN_ABOUT_RETURN_TYPE = YES_ERROR;
				GCC_WARN_UNDECLARED_SELECTOR = YES;
				GCC_WARN_UNINITIALIZED_AUTOS = YES_AGGRESSIVE;
				GCC_WARN_UNUSED_FUNCTION = YES;
				GCC_WARN_UNUSED_VARIABLE = YES;
				IPHONEOS_DEPLOYMENT_TARGET = 8.1;
				MTL_ENABLE_DEBUG_INFO = YES;
				ONLY_ACTIVE_ARCH = YES;
				SDKROOT = iphoneos;
			};
			name = Debug;
		};
		1D8638031A08F6AC007538F2 /* Release */ = {
			isa = XCBuildConfiguration;
			buildSettings = {
				ALWAYS_SEARCH_USER_PATHS = NO;
				CLANG_CXX_LANGUAGE_STANDARD = "gnu++0x";
				CLANG_CXX_LIBRARY = "libc++";
				CLANG_ENABLE_MODULES = YES;
				CLANG_ENABLE_OBJC_ARC = YES;
				CLANG_WARN_BOOL_CONVERSION = YES;
				CLANG_WARN_CONSTANT_CONVERSION = YES;
				CLANG_WARN_DIRECT_OBJC_ISA_USAGE = YES_ERROR;
				CLANG_WARN_EMPTY_BODY = YES;
				CLANG_WARN_ENUM_CONVERSION = YES;
				CLANG_WARN_INT_CONVERSION = YES;
				CLANG_WARN_OBJC_ROOT_CLASS = YES_ERROR;
				CLANG_WARN_UNREACHABLE_CODE = YES;
				CLANG_WARN__DUPLICATE_METHOD_MATCH = YES;
				"CODE_SIGN_IDENTITY[sdk=iphoneos*]" = "iPhone Developer";
				COPY_PHASE_STRIP = YES;
				ENABLE_NS_ASSERTIONS = NO;
				ENABLE_STRICT_OBJC_MSGSEND = YES;
				GCC_C_LANGUAGE_STANDARD = gnu99;
				GCC_WARN_64_TO_32_BIT_CONVERSION = YES;
				GCC_WARN_ABOUT_RETURN_TYPE = YES_ERROR;
				GCC_WARN_UNDECLARED_SELECTOR = YES;
				GCC_WARN_UNINITIALIZED_AUTOS = YES_AGGRESSIVE;
				GCC_WARN_UNUSED_FUNCTION = YES;
				GCC_WARN_UNUSED_VARIABLE = YES;
				IPHONEOS_DEPLOYMENT_TARGET = 8.1;
				MTL_ENABLE_DEBUG_INFO = NO;
				SDKROOT = iphoneos;
				VALIDATE_PRODUCT = YES;
			};
			name = Release;
		};
		1D8638051A08F6AC007538F2 /* Debug */ = {
			isa = XCBuildConfiguration;
			buildSettings = {
				ASSETCATALOG_COMPILER_APPICON_NAME = AppIcon;
				INFOPLIST_FILE = tableView/Info.plist;
				LD_RUNPATH_SEARCH_PATHS = "$(inherited) @executable_path/Frameworks";
				PRODUCT_NAME = "$(TARGET_NAME)";
			};
			name = Debug;
		};
		1D8638061A08F6AC007538F2 /* Release */ = {
			isa = XCBuildConfiguration;
			buildSettings = {
				ASSETCATALOG_COMPILER_APPICON_NAME = AppIcon;
				INFOPLIST_FILE = tableView/Info.plist;
				LD_RUNPATH_SEARCH_PATHS = "$(inherited) @executable_path/Frameworks";
				PRODUCT_NAME = "$(TARGET_NAME)";
			};
			name = Release;
		};
		1D8638081A08F6AC007538F2 /* Debug */ = {
			isa = XCBuildConfiguration;
			buildSettings = {
				BUNDLE_LOADER = "$(TEST_HOST)";
				FRAMEWORK_SEARCH_PATHS = (
					"$(SDKROOT)/Developer/Library/Frameworks",
					"$(inherited)",
				);
				GCC_PREPROCESSOR_DEFINITIONS = (
					"DEBUG=1",
					"$(inherited)",
				);
				INFOPLIST_FILE = tableViewTests/Info.plist;
				LD_RUNPATH_SEARCH_PATHS = "$(inherited) @executable_path/Frameworks @loader_path/Frameworks";
				PRODUCT_NAME = "$(TARGET_NAME)";
				TEST_HOST = "$(BUILT_PRODUCTS_DIR)/tableView.app/tableView";
			};
			name = Debug;
		};
		1D8638091A08F6AC007538F2 /* Release */ = {
			isa = XCBuildConfiguration;
			buildSettings = {
				BUNDLE_LOADER = "$(TEST_HOST)";
				FRAMEWORK_SEARCH_PATHS = (
					"$(SDKROOT)/Developer/Library/Frameworks",
					"$(inherited)",
				);
				INFOPLIST_FILE = tableViewTests/Info.plist;
				LD_RUNPATH_SEARCH_PATHS = "$(inherited) @executable_path/Frameworks @loader_path/Frameworks";
				PRODUCT_NAME = "$(TARGET_NAME)";
				TEST_HOST = "$(BUILT_PRODUCTS_DIR)/tableView.app/tableView";
			};
			name = Release;
		};
/* End XCBuildConfiguration section */

/* Begin XCConfigurationList section */
		1D8637D91A08F6AB007538F2 /* Build configuration list for PBXProject "tableView" */ = {
			isa = XCConfigurationList;
			buildConfigurations = (
				1D8638021A08F6AC007538F2 /* Debug */,
				1D8638031A08F6AC007538F2 /* Release */,
			);
			defaultConfigurationIsVisible = 0;
			defaultConfigurationName = Release;
		};
		1D8638041A08F6AC007538F2 /* Build configuration list for PBXNativeTarget "tableView" */ = {
			isa = XCConfigurationList;
			buildConfigurations = (
				1D8638051A08F6AC007538F2 /* Debug */,
				1D8638061A08F6AC007538F2 /* Release */,
			);
			defaultConfigurationIsVisible = 0;
		};
		1D8638071A08F6AC007538F2 /* Build configuration list for PBXNativeTarget "tableViewTests" */ = {
			isa = XCConfigurationList;
			buildConfigurations = (
				1D8638081A08F6AC007538F2 /* Debug */,
				1D8638091A08F6AC007538F2 /* Release */,
			);
			defaultConfigurationIsVisible = 0;
		};
/* End XCConfigurationList section */

/* Begin XCVersionGroup section */
		1D8637E81A08F6AB007538F2 /* tableView.xcdatamodeld */ = {
			isa = XCVersionGroup;
			children = (
				1D8637E91A08F6AB007538F2 /* tableView.xcdatamodel */,
			);
			currentVersion = 1D8637E91A08F6AB007538F2 /* tableView.xcdatamodel */;
			path = tableView.xcdatamodeld;
			sourceTree = "<group>";
			versionGroupType = wrapper.xcdatamodel;
		};
/* End XCVersionGroup section */
	};
	rootObject = 1D8637D61A08F6AB007538F2 /* Project object */;
}
